
Microsoft Visual Studio Solution File, Format Version 12.00
# Visual Studio Version 17
VisualStudioVersion = 17.14.36414.22
MinimumVisualStudioVersion = 10.0.40219.1
Project("{FAE04EC0-301F-11D3-BF4B-00C04F79EFBC}") = "AzureOpenAIAssistantsUtility", "azure-openai-assistants\AzureOpenAIAssistantsUtility.csproj", "{EDB7500F-BC81-407D-BB82-C3C2C85ADE88}"
EndProject
Project("{FAE04EC0-301F-11D3-BF4B-00C04F79EFBC}") = "AzureCosmosDBUtility", "azure-cosmosdb\AzureCosmosDBUtility.csproj", "{6E7EC098-143C-43BF-8954-D2DA7D4C2D13}"
EndProject
Global
	GlobalSection(SolutionConfigurationPlatforms) = preSolution
		Debug|Any CPU = Debug|Any CPU
		Release|Any CPU = Release|Any CPU
	EndGlobalSection
	GlobalSection(ProjectConfigurationPlatforms) = postSolution
		{EDB7500F-BC81-407D-BB82-C3C2C85ADE88}.Debug|Any CPU.ActiveCfg = Debug|Any CPU
		{EDB7500F-BC81-407D-BB82-C3C2C85ADE88}.Debug|Any CPU.Build.0 = Debug|Any CPU
		{EDB7500F-BC81-407D-BB82-C3C2C85ADE88}.Release|Any CPU.ActiveCfg = Release|Any CPU
		{EDB7500F-BC81-407D-BB82-C3C2C85ADE88}.Release|Any CPU.Build.0 = Release|Any CPU
		{6E7EC098-143C-43BF-8954-D2DA7D4C2D13}.Debug|Any CPU.ActiveCfg = Debug|Any CPU
		{6E7EC098-143C-43BF-8954-D2DA7D4C2D13}.Debug|Any CPU.Build.0 = Debug|Any CPU
		{6E7EC098-143C-43BF-8954-D2DA7D4C2D13}.Release|Any CPU.ActiveCfg = Release|Any CPU
		{6E7EC098-143C-43BF-8954-D2DA7D4C2D13}.Release|Any CPU.Build.0 = Release|Any CPU
	EndGlobalSection
	GlobalSection(SolutionProperties) = preSolution
		HideSolutionNode = FALSE
	EndGlobalSection
	GlobalSection(ExtensibilityGlobals) = postSolution
		SolutionGuid = {4A860713-A8F5-425D-A512-FEF1C23985A4}
	EndGlobalSection
EndGlobal
